{
  "name": "project",
  "lockfileVersion": 3,
  "requires": true,
  "packages": {
    "": {
      "dependencies": {
        "@capacitor/preferences": "^4.0.2",
        "capacitor": "^0.5.5",
        "cookie-parser": "^1.4.6"
      }
    },
    "node_modules/@capacitor/core": {
      "version": "4.6.1",
      "resolved": "https://registry.npmjs.org/@capacitor/core/-/core-4.6.1.tgz",
      "integrity": "sha512-7A2IV9E8umgu9u0fChUTjQJq+Jp25GJZMmWxoQN/nVx/1rcpFJ4m1xo3NPBoIRs+aV7FR+BM17mPrnkKlA8N2g==",
      "peer": true,
      "dependencies": {
        "tslib": "^2.1.0"
      }
    },
    "node_modules/@capacitor/preferences": {
      "version": "4.0.2",
      "resolved": "https://registry.npmjs.org/@capacitor/preferences/-/preferences-4.0.2.tgz",
      "integrity": "sha512-HgcRkMdVHSIV3TeQLZFmCaCeMWQ25wLyZZ7dA2f8Rw81Q1Nroxsi7HxTEGNqrWKSN9PNKBJD8vChr6eB2GNtZg==",
      "peerDependencies": {
        "@capacitor/core": "^4.0.0"
      }
    },
    "node_modules/capacitor": {
      "version": "0.5.5",
      "resolved": "https://registry.npmjs.org/capacitor/-/capacitor-0.5.5.tgz",
      "integrity": "sha512-5my22sgl3eUStd29WXtEq8LGVmD5Z57eG9zoVRKplQR4fDa7ETYC3QlBQeziZPzsLeWEyn/6gUvNFvSu6P0DtQ==",
      "dependencies": {
        "immutable": "^3.7.3",
        "lodash": "^2.4.1"
      }
    },
    "node_modules/cookie": {
      "version": "0.4.1",
      "resolved": "https://registry.npmjs.org/cookie/-/cookie-0.4.1.tgz",
      "integrity": "sha512-ZwrFkGJxUR3EIoXtO+yVE69Eb7KlixbaeAWfBQB9vVsNn/o+Yw69gBWSSDK825hQNdN+wF8zELf3dFNl/kxkUA==",
      "engines": {
        "node": ">= 0.6"
      }
    },
    "node_modules/cookie-parser": {
      "version": "1.4.6",
      "resolved": "https://registry.npmjs.org/cookie-parser/-/cookie-parser-1.4.6.tgz",
      "integrity": "sha512-z3IzaNjdwUC2olLIB5/ITd0/setiaFMLYiZJle7xg5Fe9KWAceil7xszYfHHBtDFYLSgJduS2Ty0P1uJdPDJeA==",
      "dependencies": {
        "cookie": "0.4.1",
        "cookie-signature": "1.0.6"
      },
      "engines": {
        "node": ">= 0.8.0"
      }
    },
    "node_modules/cookie-signature": {
      "version": "1.0.6",
      "resolved": "https://registry.npmjs.org/cookie-signature/-/cookie-signature-1.0.6.tgz",
      "integrity": "sha512-QADzlaHc8icV8I7vbaJXJwod9HWYp8uCqf1xa4OfNu1T7JVxQIrUgOWtHdNDtPiywmFbiS12VjotIXLrKM3orQ=="
    },
    "node_modules/immutable": {
      "version": "3.8.2",
      "resolved": "https://registry.npmjs.org/immutable/-/immutable-3.8.2.tgz",
      "integrity": "sha512-15gZoQ38eYjEjxkorfbcgBKBL6R7T459OuK+CpcWt7O3KF4uPCx2tD0uFETlUDIyo+1789crbMhTvQBSR5yBMg==",
      "engines": {
        "node": ">=0.10.0"
      }
    },
    "node_modules/lodash": {
      "version": "2.4.2",
      "resolved": "https://registry.npmjs.org/lodash/-/lodash-2.4.2.tgz",
      "integrity": "sha512-Kak1hi6/hYHGVPmdyiZijoQyz5x2iGVzs6w9GYB/HiXEtylY7tIoYEROMjvM1d9nXJqPOrG2MNPMn01bJ+S0Rw==",
      "engines": [
        "node",
        "rhino"
      ]
    },
    "node_modules/tslib": {
      "version": "2.4.1",
      "resolved": "https://registry.npmjs.org/tslib/-/tslib-2.4.1.tgz",
      "integrity": "sha512-tGyy4dAjRIEwI7BzsB0lynWgOpfqjUdq91XXAlIWD2OwKBH7oCl/GZG/HT4BOHrTlPMOASlMQ7veyTqpmRcrNA==",
      "peer": true
    }
  }
}
